# This file is automatically @generated by Cargo.
# It is not intended for manual editing.
version = 3

[[package]]
name = "bytemuck"
version = "1.19.0"
source = "registry+https://github.com/rust-lang/crates.io-index"
checksum = "8334215b81e418a0a7bdb8ef0849474f40bb10c8b71f1c4ed315cff49f32494d"

[[package]]
name = "fern"
version = "0.7.0"
source = "registry+https://github.com/rust-lang/crates.io-index"
checksum = "69ff9c9d5fb3e6da8ac2f77ab76fe7e8087d512ce095200f8f29ac5b656cf6dc"
dependencies = [
 "log",
]

[[package]]
name = "gen"
version = "0.1.0"
dependencies = [
 "nanorand",
]

[[package]]
name = "humantime"
version = "2.1.0"
source = "registry+https://github.com/rust-lang/crates.io-index"
checksum = "9a3a5bfb195931eeb336b2a7b4d761daec841b97f947d34394601737a7bba5e4"

[[package]]
name = "log"
version = "0.4.22"
source = "registry+https://github.com/rust-lang/crates.io-index"
checksum = "a7a70ba024b9dc04c27ea2f0c0548feb474ec5c54bba33a7f72f873a39d07b24"

[[package]]
name = "nacci"
version = "0.1.0"
dependencies = [
 "log",
]

[[package]]
name = "nanorand"
version = "0.7.0"
source = "registry+https://github.com/rust-lang/crates.io-index"
checksum = "6a51313c5820b0b02bd422f4b44776fbf47961755c74ce64afc73bfad10226c3"

[[package]]
name = "polyphase"
version = "0.1.0"
dependencies = [
 "bytemuck",
 "log",
 "nacci",
]

[[package]]
name = "sort"
version = "0.1.0"
dependencies = [
 "fern",
 "humantime",
 "log",
 "polyphase",
]
